
Microsoft Visual Studio Solution File, Format Version 12.00
# Visual Studio Version 16
VisualStudioVersion = 16.0.31729.503
MinimumVisualStudioVersion = 10.0.40219.1
Project("{FAE04EC0-301F-11D3-BF4B-00C04F79EFBC}") = "WPF_XPSDocumentPrint_Demo", "WPF_XPSDocumentPrint_Demo\WPF_XPSDocumentPrint_Demo.csproj", "{0F4A0021-BB12-497C-B7F3-C4CD29945906}"
EndProject
Global
	GlobalSection(SolutionConfigurationPlatforms) = preSolution
		Debug|Any CPU = Debug|Any CPU
		Release|Any CPU = Release|Any CPU
	EndGlobalSection
	GlobalSection(ProjectConfigurationPlatforms) = postSolution
		{0F4A0021-BB12-497C-B7F3-C4CD29945906}.Debug|Any CPU.ActiveCfg = Debug|Any CPU
		{0F4A0021-BB12-497C-B7F3-C4CD29945906}.Debug|Any CPU.Build.0 = Debug|Any CPU
		{0F4A0021-BB12-497C-B7F3-C4CD29945906}.Release|Any CPU.ActiveCfg = Release|Any CPU
		{0F4A0021-BB12-497C-B7F3-C4CD29945906}.Release|Any CPU.Build.0 = Release|Any CPU
	EndGlobalSection
	GlobalSection(SolutionProperties) = preSolution
		HideSolutionNode = FALSE
	EndGlobalSection
	GlobalSection(ExtensibilityGlobals) = postSolution
		SolutionGuid = {37C7C668-D771-4D02-B966-59D69DB5C554}
	EndGlobalSection
EndGlobal
